// !$*UTF8*$!
{
	archiveVersion = 1;
	classes = {
	};
	objectVersion = 52;
	objects = {

/* Begin PBXBuildFile section */
		2310303B2517486C005EF645 /* DSFLabelledTextField in Frameworks */ = {isa = PBXBuildFile; productRef = 2310303A2517486C005EF645 /* DSFLabelledTextField */; };
		231519B525184E8400D40833 /* DSFDragSlider in Frameworks */ = {isa = PBXBuildFile; productRef = 231519B425184E8400D40833 /* DSFDragSlider */; };
		2331A78E25184CCB0053FBF0 /* AppDelegate.m in Sources */ = {isa = PBXBuildFile; fileRef = 2331A78D25184CCB0053FBF0 /* AppDelegate.m */; };
		2331A79025184CCC0053FBF0 /* Assets.xcassets in Resources */ = {isa = PBXBuildFile; fileRef = 2331A78F25184CCC0053FBF0 /* Assets.xcassets */; };
		2331A79325184CCC0053FBF0 /* MainMenu.xib in Resources */ = {isa = PBXBuildFile; fileRef = 2331A79125184CCC0053FBF0 /* MainMenu.xib */; };
		2331A79625184CCC0053FBF0 /* main.m in Sources */ = {isa = PBXBuildFile; fileRef = 2331A79525184CCC0053FBF0 /* main.m */; };
		2331A7AC25184F5A0053FBF0 /* DSFLabelledTextField in Frameworks */ = {isa = PBXBuildFile; productRef = 2331A7AB25184F5A0053FBF0 /* DSFLabelledTextField */; };
		2331A7B625185AD00053FBF0 /* AppDelegate.swift in Sources */ = {isa = PBXBuildFile; fileRef = 2331A7B525185AD00053FBF0 /* AppDelegate.swift */; };
		2331A7B825185AD00053FBF0 /* ContentView.swift in Sources */ = {isa = PBXBuildFile; fileRef = 2331A7B725185AD00053FBF0 /* ContentView.swift */; };
		2331A7BA25185AD10053FBF0 /* Assets.xcassets in Resources */ = {isa = PBXBuildFile; fileRef = 2331A7B925185AD10053FBF0 /* Assets.xcassets */; };
		2331A7BD25185AD10053FBF0 /* Preview Assets.xcassets in Resources */ = {isa = PBXBuildFile; fileRef = 2331A7BC25185AD10053FBF0 /* Preview Assets.xcassets */; };
		2331A7C025185AD10053FBF0 /* Main.storyboard in Resources */ = {isa = PBXBuildFile; fileRef = 2331A7BE25185AD10053FBF0 /* Main.storyboard */; };
		2383E1DF251713200006803E /* AppDelegate.swift in Sources */ = {isa = PBXBuildFile; fileRef = 2383E1DE251713200006803E /* AppDelegate.swift */; };
		2383E1E1251713210006803E /* Assets.xcassets in Resources */ = {isa = PBXBuildFile; fileRef = 2383E1E0251713210006803E /* Assets.xcassets */; };
		2383E1E4251713210006803E /* MainMenu.xib in Resources */ = {isa = PBXBuildFile; fileRef = 2383E1E2251713210006803E /* MainMenu.xib */; };
		23B7711228B603BD00389426 /* DSFDragSlider in Frameworks */ = {isa = PBXBuildFile; productRef = 23B7711128B603BD00389426 /* DSFDragSlider */; };
		23F1167C28B5FF22005A4126 /* DSFDragSlider in Frameworks */ = {isa = PBXBuildFile; productRef = 23F1167B28B5FF22005A4126 /* DSFDragSlider */; };
/* End PBXBuildFile section */

/* Begin PBXCopyFilesBuildPhase section */
		23B7710F28B602AF00389426 /* Embed Frameworks */ = {
			isa = PBXCopyFilesBuildPhase;
			buildActionMask = 2147483647;
			dstPath = "";
			dstSubfolderSpec = 10;
			files = (
			);
			name = "Embed Frameworks";
			runOnlyForDeploymentPostprocessing = 0;
		};
/* End PBXCopyFilesBuildPhase section */

/* Begin PBXFileReference section */
		2331A78A25184CCB0053FBF0 /* DSFDragSlider Objc Demo.app */ = {isa = PBXFileReference; explicitFileType = wrapper.application; includeInIndex = 0; path = "DSFDragSlider Objc Demo.app"; sourceTree = BUILT_PRODUCTS_DIR; };
		2331A78C25184CCB0053FBF0 /* AppDelegate.h */ = {isa = PBXFileReference; lastKnownFileType = sourcecode.c.h; path = AppDelegate.h; sourceTree = "<group>"; };
		2331A78D25184CCB0053FBF0 /* AppDelegate.m */ = {isa = PBXFileReference; lastKnownFileType = sourcecode.c.objc; path = AppDelegate.m; sourceTree = "<group>"; };
		2331A78F25184CCC0053FBF0 /* Assets.xcassets */ = {isa = PBXFileReference; lastKnownFileType = folder.assetcatalog; path = Assets.xcassets; sourceTree = "<group>"; };
		2331A79225184CCC0053FBF0 /* Base */ = {isa = PBXFileReference; lastKnownFileType = file.xib; name = Base; path = Base.lproj/MainMenu.xib; sourceTree = "<group>"; };
		2331A79425184CCC0053FBF0 /* Info.plist */ = {isa = PBXFileReference; lastKnownFileType = text.plist.xml; path = Info.plist; sourceTree = "<group>"; };
		2331A79525184CCC0053FBF0 /* main.m */ = {isa = PBXFileReference; lastKnownFileType = sourcecode.c.objc; path = main.m; sourceTree = "<group>"; };
		2331A79725184CCC0053FBF0 /* DSFDragSlider_Objc_Demo.entitlements */ = {isa = PBXFileReference; lastKnownFileType = text.plist.entitlements; path = DSFDragSlider_Objc_Demo.entitlements; sourceTree = "<group>"; };
		2331A7B325185AD00053FBF0 /* DSFDragSlider SwiftUI Demo.app */ = {isa = PBXFileReference; explicitFileType = wrapper.application; includeInIndex = 0; path = "DSFDragSlider SwiftUI Demo.app"; sourceTree = BUILT_PRODUCTS_DIR; };
		2331A7B525185AD00053FBF0 /* AppDelegate.swift */ = {isa = PBXFileReference; lastKnownFileType = sourcecode.swift; path = AppDelegate.swift; sourceTree = "<group>"; };
		2331A7B725185AD00053FBF0 /* ContentView.swift */ = {isa = PBXFileReference; lastKnownFileType = sourcecode.swift; path = ContentView.swift; sourceTree = "<group>"; };
		2331A7B925185AD10053FBF0 /* Assets.xcassets */ = {isa = PBXFileReference; lastKnownFileType = folder.assetcatalog; path = Assets.xcassets; sourceTree = "<group>"; };
		2331A7BC25185AD10053FBF0 /* Preview Assets.xcassets */ = {isa = PBXFileReference; lastKnownFileType = folder.assetcatalog; path = "Preview Assets.xcassets"; sourceTree = "<group>"; };
		2331A7BF25185AD10053FBF0 /* Base */ = {isa = PBXFileReference; lastKnownFileType = file.storyboard; name = Base; path = Base.lproj/Main.storyboard; sourceTree = "<group>"; };
		2331A7C125185AD10053FBF0 /* Info.plist */ = {isa = PBXFileReference; lastKnownFileType = text.plist.xml; path = Info.plist; sourceTree = "<group>"; };
		2331A7C225185AD10053FBF0 /* DSFDragSlider_SwiftUI_Demo.entitlements */ = {isa = PBXFileReference; lastKnownFileType = text.plist.entitlements; path = DSFDragSlider_SwiftUI_Demo.entitlements; sourceTree = "<group>"; };
		2383E1DB251713200006803E /* DSFDragSlider Demo.app */ = {isa = PBXFileReference; explicitFileType = wrapper.application; includeInIndex = 0; path = "DSFDragSlider Demo.app"; sourceTree = BUILT_PRODUCTS_DIR; };
		2383E1DE251713200006803E /* AppDelegate.swift */ = {isa = PBXFileReference; lastKnownFileType = sourcecode.swift; path = AppDelegate.swift; sourceTree = "<group>"; };
		2383E1E0251713210006803E /* Assets.xcassets */ = {isa = PBXFileReference; lastKnownFileType = folder.assetcatalog; path = Assets.xcassets; sourceTree = "<group>"; };
		2383E1E3251713210006803E /* Base */ = {isa = PBXFileReference; lastKnownFileType = file.xib; name = Base; path = Base.lproj/MainMenu.xib; sourceTree = "<group>"; };
		2383E1E5251713210006803E /* Info.plist */ = {isa = PBXFileReference; lastKnownFileType = text.plist.xml; path = Info.plist; sourceTree = "<group>"; };
		2383E1E6251713210006803E /* DSFDragSlider_Demo.entitlements */ = {isa = PBXFileReference; lastKnownFileType = text.plist.entitlements; path = DSFDragSlider_Demo.entitlements; sourceTree = "<group>"; };
		23F1167428B5F792005A4126 /* DSFDragSlider */ = {isa = PBXFileReference; lastKnownFileType = wrapper; name = DSFDragSlider; path = ../..; sourceTree = "<group>"; };
/* End PBXFileReference section */

/* Begin PBXFrameworksBuildPhase section */
		2331A78725184CCB0053FBF0 /* Frameworks */ = {
			isa = PBXFrameworksBuildPhase;
			buildActionMask = 2147483647;
			files = (
				231519B525184E8400D40833 /* DSFDragSlider in Frameworks */,
				2331A7AC25184F5A0053FBF0 /* DSFLabelledTextField in Frameworks */,
			);
			runOnlyForDeploymentPostprocessing = 0;
		};
		2331A7B025185AD00053FBF0 /* Frameworks */ = {
			isa = PBXFrameworksBuildPhase;
			buildActionMask = 2147483647;
			files = (
				23B7711228B603BD00389426 /* DSFDragSlider in Frameworks */,
			);
			runOnlyForDeploymentPostprocessing = 0;
		};
		2383E1D8251713200006803E /* Frameworks */ = {
			isa = PBXFrameworksBuildPhase;
			buildActionMask = 2147483647;
			files = (
				2310303B2517486C005EF645 /* DSFLabelledTextField in Frameworks */,
				23F1167C28B5FF22005A4126 /* DSFDragSlider in Frameworks */,
			);
			runOnlyForDeploymentPostprocessing = 0;
		};
/* End PBXFrameworksBuildPhase section */

/* Begin PBXGroup section */
		2331A78B25184CCB0053FBF0 /* DSFDragSlider Objc Demo */ = {
			isa = PBXGroup;
			children = (
				2331A78C25184CCB0053FBF0 /* AppDelegate.h */,
				2331A78D25184CCB0053FBF0 /* AppDelegate.m */,
				2331A78F25184CCC0053FBF0 /* Assets.xcassets */,
				2331A79125184CCC0053FBF0 /* MainMenu.xib */,
				2331A79425184CCC0053FBF0 /* Info.plist */,
				2331A79525184CCC0053FBF0 /* main.m */,
				2331A79725184CCC0053FBF0 /* DSFDragSlider_Objc_Demo.entitlements */,
			);
			path = "DSFDragSlider Objc Demo";
			sourceTree = "<group>";
		};
		2331A7AA25184F5A0053FBF0 /* Frameworks */ = {
			isa = PBXGroup;
			children = (
			);
			name = Frameworks;
			sourceTree = "<group>";
		};
		2331A7B425185AD00053FBF0 /* DSFDragSlider SwiftUI Demo */ = {
			isa = PBXGroup;
			children = (
				2331A7B525185AD00053FBF0 /* AppDelegate.swift */,
				2331A7B725185AD00053FBF0 /* ContentView.swift */,
				2331A7B925185AD10053FBF0 /* Assets.xcassets */,
				2331A7BE25185AD10053FBF0 /* Main.storyboard */,
				2331A7C125185AD10053FBF0 /* Info.plist */,
				2331A7C225185AD10053FBF0 /* DSFDragSlider_SwiftUI_Demo.entitlements */,
				2331A7BB25185AD10053FBF0 /* Preview Content */,
			);
			path = "DSFDragSlider SwiftUI Demo";
			sourceTree = "<group>";
		};
		2331A7BB25185AD10053FBF0 /* Preview Content */ = {
			isa = PBXGroup;
			children = (
				2331A7BC25185AD10053FBF0 /* Preview Assets.xcassets */,
			);
			path = "Preview Content";
			sourceTree = "<group>";
		};
		2383E1D2251713200006803E = {
			isa = PBXGroup;
			children = (
				23F1167428B5F792005A4126 /* DSFDragSlider */,
				2383E1DD251713200006803E /* DSFDragSlider Demo */,
				2331A78B25184CCB0053FBF0 /* DSFDragSlider Objc Demo */,
				2331A7B425185AD00053FBF0 /* DSFDragSlider SwiftUI Demo */,
				2383E1DC251713200006803E /* Products */,
				2331A7AA25184F5A0053FBF0 /* Frameworks */,
			);
			sourceTree = "<group>";
		};
		2383E1DC251713200006803E /* Products */ = {
			isa = PBXGroup;
			children = (
				2383E1DB251713200006803E /* DSFDragSlider Demo.app */,
				2331A78A25184CCB0053FBF0 /* DSFDragSlider Objc Demo.app */,
				2331A7B325185AD00053FBF0 /* DSFDragSlider SwiftUI Demo.app */,
			);
			name = Products;
			sourceTree = "<group>";
		};
		2383E1DD251713200006803E /* DSFDragSlider Demo */ = {
			isa = PBXGroup;
			children = (
				2383E1DE251713200006803E /* AppDelegate.swift */,
				2383E1E0251713210006803E /* Assets.xcassets */,
				2383E1E2251713210006803E /* MainMenu.xib */,
				2383E1E5251713210006803E /* Info.plist */,
				2383E1E6251713210006803E /* DSFDragSlider_Demo.entitlements */,
			);
			path = "DSFDragSlider Demo";
			sourceTree = "<group>";
		};
/* End PBXGroup section */

/* Begin PBXNativeTarget section */
		2331A78925184CCB0053FBF0 /* DSFDragSlider Objc Demo */ = {
			isa = PBXNativeTarget;
			buildConfigurationList = 2331A79A25184CCC0053FBF0 /* Build configuration list for PBXNativeTarget "DSFDragSlider Objc Demo" */;
			buildPhases = (
				2331A78625184CCB0053FBF0 /* Sources */,
				2331A78725184CCB0053FBF0 /* Frameworks */,
				2331A78825184CCB0053FBF0 /* Resources */,
			);
			buildRules = (
			);
			dependencies = (
			);
			name = "DSFDragSlider Objc Demo";
			packageProductDependencies = (
				231519B425184E8400D40833 /* DSFDragSlider */,
				2331A7AB25184F5A0053FBF0 /* DSFLabelledTextField */,
			);
			productName = "DSFDragSlider Objc Demo";
			productReference = 2331A78A25184CCB0053FBF0 /* DSFDragSlider Objc Demo.app */;
			productType = "com.apple.product-type.application";
		};
		2331A7B225185AD00053FBF0 /* DSFDragSlider SwiftUI Demo */ = {
			isa = PBXNativeTarget;
			buildConfigurationList = 2331A7C525185AD10053FBF0 /* Build configuration list for PBXNativeTarget "DSFDragSlider SwiftUI Demo" */;
			buildPhases = (
				2331A7AF25185AD00053FBF0 /* Sources */,
				2331A7B025185AD00053FBF0 /* Frameworks */,
				2331A7B125185AD00053FBF0 /* Resources */,
				23B7710F28B602AF00389426 /* Embed Frameworks */,
			);
			buildRules = (
			);
			dependencies = (
			);
			name = "DSFDragSlider SwiftUI Demo";
			packageProductDependencies = (
				23B7711128B603BD00389426 /* DSFDragSlider */,
			);
			productName = "DSFDragSlider SwiftUI Demo";
			productReference = 2331A7B325185AD00053FBF0 /* DSFDragSlider SwiftUI Demo.app */;
			productType = "com.apple.product-type.application";
		};
		2383E1DA251713200006803E /* DSFDragSlider Demo */ = {
			isa = PBXNativeTarget;
			buildConfigurationList = 2383E1E9251713210006803E /* Build configuration list for PBXNativeTarget "DSFDragSlider Demo" */;
			buildPhases = (
				2383E1D7251713200006803E /* Sources */,
				2383E1D8251713200006803E /* Frameworks */,
				2383E1D9251713200006803E /* Resources */,
			);
			buildRules = (
			);
			dependencies = (
			);
			name = "DSFDragSlider Demo";
			packageProductDependencies = (
				2310303A2517486C005EF645 /* DSFLabelledTextField */,
				23F1167B28B5FF22005A4126 /* DSFDragSlider */,
			);
			productName = "DSFDragSlider Demo";
			productReference = 2383E1DB251713200006803E /* DSFDragSlider Demo.app */;
			productType = "com.apple.product-type.application";
		};
/* End PBXNativeTarget section */

/* Begin PBXProject section */
		2383E1D3251713200006803E /* Project object */ = {
			isa = PBXProject;
			attributes = {
				LastSwiftUpdateCheck = 1220;
				LastUpgradeCheck = 1220;
				TargetAttributes = {
					2331A78925184CCB0053FBF0 = {
						CreatedOnToolsVersion = 12.2;
					};
					2331A7B225185AD00053FBF0 = {
						CreatedOnToolsVersion = 12.2;
					};
					2383E1DA251713200006803E = {
						CreatedOnToolsVersion = 12.2;
					};
				};
			};
			buildConfigurationList = 2383E1D6251713200006803E /* Build configuration list for PBXProject "DSFDragSlider Demo" */;
			compatibilityVersion = "Xcode 9.3";
			developmentRegion = en;
			hasScannedForEncodings = 0;
			knownRegions = (
				en,
				Base,
			);
			mainGroup = 2383E1D2251713200006803E;
			packageReferences = (
				231030392517486C005EF645 /* XCRemoteSwiftPackageReference "DSFLabelledTextField" */,
				231519B325184E8400D40833 /* XCRemoteSwiftPackageReference "DSFDragSlider" */,
			);
			productRefGroup = 2383E1DC251713200006803E /* Products */;
			projectDirPath = "";
			projectRoot = "";
			targets = (
				2383E1DA251713200006803E /* DSFDragSlider Demo */,
				2331A78925184CCB0053FBF0 /* DSFDragSlider Objc Demo */,
				2331A7B225185AD00053FBF0 /* DSFDragSlider SwiftUI Demo */,
			);
		};
/* End PBXProject section */

/* Begin PBXResourcesBuildPhase section */
		2331A78825184CCB0053FBF0 /* Resources */ = {
			isa = PBXResourcesBuildPhase;
			buildActionMask = 2147483647;
			files = (
				2331A79025184CCC0053FBF0 /* Assets.xcassets in Resources */,
				2331A79325184CCC0053FBF0 /* MainMenu.xib in Resources */,
			);
			runOnlyForDeploymentPostprocessing = 0;
		};
		2331A7B125185AD00053FBF0 /* Resources */ = {
			isa = PBXResourcesBuildPhase;
			buildActionMask = 2147483647;
			files = (
				2331A7C025185AD10053FBF0 /* Main.storyboard in Resources */,
				2331A7BD25185AD10053FBF0 /* Preview Assets.xcassets in Resources */,
				2331A7BA25185AD10053FBF0 /* Assets.xcassets in Resources */,
			);
			runOnlyForDeploymentPostprocessing = 0;
		};
		2383E1D9251713200006803E /* Resources */ = {
			isa = PBXResourcesBuildPhase;
			buildActionMask = 2147483647;
			files = (
				2383E1E1251713210006803E /* Assets.xcassets in Resources */,
				2383E1E4251713210006803E /* MainMenu.xib in Resources */,
			);
			runOnlyForDeploymentPostprocessing = 0;
		};
/* End PBXResourcesBuildPhase section */

/* Begin PBXSourcesBuildPhase section */
		2331A78625184CCB0053FBF0 /* Sources */ = {
			isa = PBXSourcesBuildPhase;
			buildActionMask = 2147483647;
			files = (
				2331A79625184CCC0053FBF0 /* main.m in Sources */,
				2331A78E25184CCB0053FBF0 /* AppDelegate.m in Sources */,
			);
			runOnlyForDeploymentPostprocessing = 0;
		};
		2331A7AF25185AD00053FBF0 /* Sources */ = {
			isa = PBXSourcesBuildPhase;
			buildActionMask = 2147483647;
			files = (
				2331A7B825185AD00053FBF0 /* ContentView.swift in Sources */,
				2331A7B625185AD00053FBF0 /* AppDelegate.swift in Sources */,
			);
			runOnlyForDeploymentPostprocessing = 0;
		};
		2383E1D7251713200006803E /* Sources */ = {
			isa = PBXSourcesBuildPhase;
			buildActionMask = 2147483647;
			files = (
				2383E1DF251713200006803E /* AppDelegate.swift in Sources */,
			);
			runOnlyForDeploymentPostprocessing = 0;
		};
/* End PBXSourcesBuildPhase section */

/* Begin PBXVariantGroup section */
		2331A79125184CCC0053FBF0 /* MainMenu.xib */ = {
			isa = PBXVariantGroup;
			children = (
				2331A79225184CCC0053FBF0 /* Base */,
			);
			name = MainMenu.xib;
			sourceTree = "<group>";
		};
		2331A7BE25185AD10053FBF0 /* Main.storyboard */ = {
			isa = PBXVariantGroup;
			children = (
				2331A7BF25185AD10053FBF0 /* Base */,
			);
			name = Main.storyboard;
			sourceTree = "<group>";
		};
		2383E1E2251713210006803E /* MainMenu.xib */ = {
			isa = PBXVariantGroup;
			children = (
				2383E1E3251713210006803E /* Base */,
			);
			name = MainMenu.xib;
			sourceTree = "<group>";
		};
/* End PBXVariantGroup section */

/* Begin XCBuildConfiguration section */
		2331A79825184CCC0053FBF0 /* Debug */ = {
			isa = XCBuildConfiguration;
			buildSettings = {
				ALWAYS_EMBED_SWIFT_STANDARD_LIBRARIES = YES;
				ASSETCATALOG_COMPILER_APPICON_NAME = AppIcon;
				ASSETCATALOG_COMPILER_GLOBAL_ACCENT_COLOR_NAME = AccentColor;
				CODE_SIGN_ENTITLEMENTS = "DSFDragSlider Objc Demo/DSFDragSlider_Objc_Demo.entitlements";
				CODE_SIGN_STYLE = Automatic;
				COMBINE_HIDPI_IMAGES = YES;
				DEVELOPMENT_TEAM = 3L6RK3LGGW;
				ENABLE_HARDENED_RUNTIME = YES;
				INFOPLIST_FILE = "DSFDragSlider Objc Demo/Info.plist";
				LD_RUNPATH_SEARCH_PATHS = (
					"$(inherited)",
					"@executable_path/../Frameworks",
				);
				MACOSX_DEPLOYMENT_TARGET = 10.11;
				PRODUCT_BUNDLE_IDENTIFIER = "com.darrenford.DSFDragSlider-Objc-Demo";
				PRODUCT_NAME = "$(TARGET_NAME)";
				SWIFT_VERSION = 5.0;
			};
			name = Debug;
		};
		2331A79925184CCC0053FBF0 /* Release */ = {
			isa = XCBuildConfiguration;
			buildSettings = {
				ALWAYS_EMBED_SWIFT_STANDARD_LIBRARIES = YES;
				ASSETCATALOG_COMPILER_APPICON_NAME = AppIcon;
				ASSETCATALOG_COMPILER_GLOBAL_ACCENT_COLOR_NAME = AccentColor;
				CODE_SIGN_ENTITLEMENTS = "DSFDragSlider Objc Demo/DSFDragSlider_Objc_Demo.entitlements";
				CODE_SIGN_STYLE = Automatic;
				COMBINE_HIDPI_IMAGES = YES;
				DEVELOPMENT_TEAM = 3L6RK3LGGW;
				ENABLE_HARDENED_RUNTIME = YES;
				INFOPLIST_FILE = "DSFDragSlider Objc Demo/Info.plist";
				LD_RUNPATH_SEARCH_PATHS = (
					"$(inherited)",
					"@executable_path/../Frameworks",
				);
				MACOSX_DEPLOYMENT_TARGET = 10.11;
				PRODUCT_BUNDLE_IDENTIFIER = "com.darrenford.DSFDragSlider-Objc-Demo";
				PRODUCT_NAME = "$(TARGET_NAME)";
				SWIFT_VERSION = 5.0;
			};
			name = Release;
		};
		2331A7C325185AD10053FBF0 /* Debug */ = {
			isa = XCBuildConfiguration;
			buildSettings = {
				ASSETCATALOG_COMPILER_APPICON_NAME = AppIcon;
				ASSETCATALOG_COMPILER_GLOBAL_ACCENT_COLOR_NAME = AccentColor;
				CODE_SIGN_ENTITLEMENTS = "DSFDragSlider SwiftUI Demo/DSFDragSlider_SwiftUI_Demo.entitlements";
				CODE_SIGN_STYLE = Automatic;
				COMBINE_HIDPI_IMAGES = YES;
				DEVELOPMENT_ASSET_PATHS = "\"DSFDragSlider SwiftUI Demo/Preview Content\"";
				DEVELOPMENT_TEAM = 3L6RK3LGGW;
				ENABLE_HARDENED_RUNTIME = YES;
				ENABLE_PREVIEWS = YES;
				INFOPLIST_FILE = "DSFDragSlider SwiftUI Demo/Info.plist";
				LD_RUNPATH_SEARCH_PATHS = (
					"$(inherited)",
					"@executable_path/../Frameworks",
				);
				MACOSX_DEPLOYMENT_TARGET = 10.15;
				PRODUCT_BUNDLE_IDENTIFIER = "com.darrenford.DSFDragSlider-SwiftUI-Demo";
				PRODUCT_NAME = "$(TARGET_NAME)";
				SWIFT_VERSION = 5.0;
			};
			name = Debug;
		};
		2331A7C425185AD10053FBF0 /* Release */ = {
			isa = XCBuildConfiguration;
			buildSettings = {
				ASSETCATALOG_COMPILER_APPICON_NAME = AppIcon;
				ASSETCATALOG_COMPILER_GLOBAL_ACCENT_COLOR_NAME = AccentColor;
				CODE_SIGN_ENTITLEMENTS = "DSFDragSlider SwiftUI Demo/DSFDragSlider_SwiftUI_Demo.entitlements";
				CODE_SIGN_STYLE = Automatic;
				COMBINE_HIDPI_IMAGES = YES;
				DEVELOPMENT_ASSET_PATHS = "\"DSFDragSlider SwiftUI Demo/Preview Content\"";
				DEVELOPMENT_TEAM = 3L6RK3LGGW;
				ENABLE_HARDENED_RUNTIME = YES;
				ENABLE_PREVIEWS = YES;
				INFOPLIST_FILE = "DSFDragSlider SwiftUI Demo/Info.plist";
				LD_RUNPATH_SEARCH_PATHS = (
					"$(inherited)",
					"@executable_path/../Frameworks",
				);
				MACOSX_DEPLOYMENT_TARGET = 10.15;
				PRODUCT_BUNDLE_IDENTIFIER = "com.darrenford.DSFDragSlider-SwiftUI-Demo";
				PRODUCT_NAME = "$(TARGET_NAME)";
				SWIFT_VERSION = 5.0;
			};
			name = Release;
		};
		2383E1E7251713210006803E /* Debug */ = {
			isa = XCBuildConfiguration;
			buildSettings = {
				ALWAYS_SEARCH_USER_PATHS = NO;
				CLANG_ANALYZER_NONNULL = YES;
				CLANG_ANALYZER_NUMBER_OBJECT_CONVERSION = YES_AGGRESSIVE;
				CLANG_CXX_LANGUAGE_STANDARD = "gnu++14";
				CLANG_CXX_LIBRARY = "libc++";
				CLANG_ENABLE_MODULES = YES;
				CLANG_ENABLE_OBJC_ARC = YES;
				CLANG_ENABLE_OBJC_WEAK = YES;
				CLANG_WARN_BLOCK_CAPTURE_AUTORELEASING = YES;
				CLANG_WARN_BOOL_CONVERSION = YES;
				CLANG_WARN_COMMA = YES;
				CLANG_WARN_CONSTANT_CONVERSION = YES;
				CLANG_WARN_DEPRECATED_OBJC_IMPLEMENTATIONS = YES;
				CLANG_WARN_DIRECT_OBJC_ISA_USAGE = YES_ERROR;
				CLANG_WARN_DOCUMENTATION_COMMENTS = YES;
				CLANG_WARN_EMPTY_BODY = YES;
				CLANG_WARN_ENUM_CONVERSION = YES;
				CLANG_WARN_INFINITE_RECURSION = YES;
				CLANG_WARN_INT_CONVERSION = YES;
				CLANG_WARN_NON_LITERAL_NULL_CONVERSION = YES;
				CLANG_WARN_OBJC_IMPLICIT_RETAIN_SELF = YES;
				CLANG_WARN_OBJC_LITERAL_CONVERSION = YES;
				CLANG_WARN_OBJC_ROOT_CLASS = YES_ERROR;
				CLANG_WARN_QUOTED_INCLUDE_IN_FRAMEWORK_HEADER = YES;
				CLANG_WARN_RANGE_LOOP_ANALYSIS = YES;
				CLANG_WARN_STRICT_PROTOTYPES = YES;
				CLANG_WARN_SUSPICIOUS_MOVE = YES;
				CLANG_WARN_UNGUARDED_AVAILABILITY = YES_AGGRESSIVE;
				CLANG_WARN_UNREACHABLE_CODE = YES;
				CLANG_WARN__DUPLICATE_METHOD_MATCH = YES;
				COPY_PHASE_STRIP = NO;
				DEBUG_INFORMATION_FORMAT = dwarf;
				ENABLE_STRICT_OBJC_MSGSEND = YES;
				ENABLE_TESTABILITY = YES;
				GCC_C_LANGUAGE_STANDARD = gnu11;
				GCC_DYNAMIC_NO_PIC = NO;
				GCC_NO_COMMON_BLOCKS = YES;
				GCC_OPTIMIZATION_LEVEL = 0;
				GCC_PREPROCESSOR_DEFINITIONS = (
					"DEBUG=1",
					"$(inherited)",
				);
				GCC_WARN_64_TO_32_BIT_CONVERSION = YES;
				GCC_WARN_ABOUT_RETURN_TYPE = YES_ERROR;
				GCC_WARN_UNDECLARED_SELECTOR = YES;
				GCC_WARN_UNINITIALIZED_AUTOS = YES_AGGRESSIVE;
				GCC_WARN_UNUSED_FUNCTION = YES;
				GCC_WARN_UNUSED_VARIABLE = YES;
				MACOSX_DEPLOYMENT_TARGET = 10.11;
				MTL_ENABLE_DEBUG_INFO = INCLUDE_SOURCE;
				MTL_FAST_MATH = YES;
				ONLY_ACTIVE_ARCH = YES;
				SDKROOT = macosx;
				SWIFT_ACTIVE_COMPILATION_CONDITIONS = DEBUG;
				SWIFT_OPTIMIZATION_LEVEL = "-Onone";
			};
			name = Debug;
		};
		2383E1E8251713210006803E /* Release */ = {
			isa = XCBuildConfiguration;
			buildSettings = {
				ALWAYS_SEARCH_USER_PATHS = NO;
				CLANG_ANALYZER_NONNULL = YES;
				CLANG_ANALYZER_NUMBER_OBJECT_CONVERSION = YES_AGGRESSIVE;
				CLANG_CXX_LANGUAGE_STANDARD = "gnu++14";
				CLANG_CXX_LIBRARY = "libc++";
				CLANG_ENABLE_MODULES = YES;
				CLANG_ENABLE_OBJC_ARC = YES;
				CLANG_ENABLE_OBJC_WEAK = YES;
				CLANG_WARN_BLOCK_CAPTURE_AUTORELEASING = YES;
				CLANG_WARN_BOOL_CONVERSION = YES;
				CLANG_WARN_COMMA = YES;
				CLANG_WARN_CONSTANT_CONVERSION = YES;
				CLANG_WARN_DEPRECATED_OBJC_IMPLEMENTATIONS = YES;
				CLANG_WARN_DIRECT_OBJC_ISA_USAGE = YES_ERROR;
				CLANG_WARN_DOCUMENTATION_COMMENTS = YES;
				CLANG_WARN_EMPTY_BODY = YES;
				CLANG_WARN_ENUM_CONVERSION = YES;
				CLANG_WARN_INFINITE_RECURSION = YES;
				CLANG_WARN_INT_CONVERSION = YES;
				CLANG_WARN_NON_LITERAL_NULL_CONVERSION = YES;
				CLANG_WARN_OBJC_IMPLICIT_RETAIN_SELF = YES;
				CLANG_WARN_OBJC_LITERAL_CONVERSION = YES;
				CLANG_WARN_OBJC_ROOT_CLASS = YES_ERROR;
				CLANG_WARN_QUOTED_INCLUDE_IN_FRAMEWORK_HEADER = YES;
				CLANG_WARN_RANGE_LOOP_ANALYSIS = YES;
				CLANG_WARN_STRICT_PROTOTYPES = YES;
				CLANG_WARN_SUSPICIOUS_MOVE = YES;
				CLANG_WARN_UNGUARDED_AVAILABILITY = YES_AGGRESSIVE;
				CLANG_WARN_UNREACHABLE_CODE = YES;
				CLANG_WARN__DUPLICATE_METHOD_MATCH = YES;
				COPY_PHASE_STRIP = NO;
				DEBUG_INFORMATION_FORMAT = "dwarf-with-dsym";
				ENABLE_NS_ASSERTIONS = NO;
				ENABLE_STRICT_OBJC_MSGSEND = YES;
				GCC_C_LANGUAGE_STANDARD = gnu11;
				GCC_NO_COMMON_BLOCKS = YES;
				GCC_WARN_64_TO_32_BIT_CONVERSION = YES;
				GCC_WARN_ABOUT_RETURN_TYPE = YES_ERROR;
				GCC_WARN_UNDECLARED_SELECTOR = YES;
				GCC_WARN_UNINITIALIZED_AUTOS = YES_AGGRESSIVE;
				GCC_WARN_UNUSED_FUNCTION = YES;
				GCC_WARN_UNUSED_VARIABLE = YES;
				MACOSX_DEPLOYMENT_TARGET = 10.11;
				MTL_ENABLE_DEBUG_INFO = NO;
				MTL_FAST_MATH = YES;
				SDKROOT = macosx;
				SWIFT_COMPILATION_MODE = wholemodule;
				SWIFT_OPTIMIZATION_LEVEL = "-O";
			};
			name = Release;
		};
		2383E1EA251713210006803E /* Debug */ = {
			isa = XCBuildConfiguration;
			buildSettings = {
				ASSETCATALOG_COMPILER_APPICON_NAME = AppIcon;
				ASSETCATALOG_COMPILER_GLOBAL_ACCENT_COLOR_NAME = AccentColor;
				CODE_SIGN_ENTITLEMENTS = "DSFDragSlider Demo/DSFDragSlider_Demo.entitlements";
				CODE_SIGN_STYLE = Automatic;
				COMBINE_HIDPI_IMAGES = YES;
				DEVELOPMENT_TEAM = 3L6RK3LGGW;
				ENABLE_HARDENED_RUNTIME = YES;
				INFOPLIST_FILE = "DSFDragSlider Demo/Info.plist";
				LD_RUNPATH_SEARCH_PATHS = (
					"$(inherited)",
					"@executable_path/../Frameworks",
				);
				MACOSX_DEPLOYMENT_TARGET = 10.11;
				PRODUCT_BUNDLE_IDENTIFIER = "com.darrenford.DSFDragSlider-Demo";
				PRODUCT_NAME = "$(TARGET_NAME)";
				SWIFT_VERSION = 5.0;
			};
			name = Debug;
		};
		2383E1EB251713210006803E /* Release */ = {
			isa = XCBuildConfiguration;
			buildSettings = {
				ASSETCATALOG_COMPILER_APPICON_NAME = AppIcon;
				ASSETCATALOG_COMPILER_GLOBAL_ACCENT_COLOR_NAME = AccentColor;
				CODE_SIGN_ENTITLEMENTS = "DSFDragSlider Demo/DSFDragSlider_Demo.entitlements";
				CODE_SIGN_STYLE = Automatic;
				COMBINE_HIDPI_IMAGES = YES;
				DEVELOPMENT_TEAM = 3L6RK3LGGW;
				ENABLE_HARDENED_RUNTIME = YES;
				INFOPLIST_FILE = "DSFDragSlider Demo/Info.plist";
				LD_RUNPATH_SEARCH_PATHS = (
					"$(inherited)",
					"@executable_path/../Frameworks",
				);
				MACOSX_DEPLOYMENT_TARGET = 10.11;
				PRODUCT_BUNDLE_IDENTIFIER = "com.darrenford.DSFDragSlider-Demo";
				PRODUCT_NAME = "$(TARGET_NAME)";
				SWIFT_VERSION = 5.0;
			};
			name = Release;
		};
/* End XCBuildConfiguration section */

/* Begin XCConfigurationList section */
		2331A79A25184CCC0053FBF0 /* Build configuration list for PBXNativeTarget "DSFDragSlider Objc Demo" */ = {
			isa = XCConfigurationList;
			buildConfigurations = (
				2331A79825184CCC0053FBF0 /* Debug */,
				2331A79925184CCC0053FBF0 /* Release */,
			);
			defaultConfigurationIsVisible = 0;
			defaultConfigurationName = Release;
		};
		2331A7C525185AD10053FBF0 /* Build configuration list for PBXNativeTarget "DSFDragSlider SwiftUI Demo" */ = {
			isa = XCConfigurationList;
			buildConfigurations = (
				2331A7C325185AD10053FBF0 /* Debug */,
				2331A7C425185AD10053FBF0 /* Release */,
			);
			defaultConfigurationIsVisible = 0;
			defaultConfigurationName = Release;
		};
		2383E1D6251713200006803E /* Build configuration list for PBXProject "DSFDragSlider Demo" */ = {
			isa = XCConfigurationList;
			buildConfigurations = (
				2383E1E7251713210006803E /* Debug */,
				2383E1E8251713210006803E /* Release */,
			);
			defaultConfigurationIsVisible = 0;
			defaultConfigurationName = Release;
		};
		2383E1E9251713210006803E /* Build configuration list for PBXNativeTarget "DSFDragSlider Demo" */ = {
			isa = XCConfigurationList;
			buildConfigurations = (
				2383E1EA251713210006803E /* Debug */,
				2383E1EB251713210006803E /* Release */,
			);
			defaultConfigurationIsVisible = 0;
			defaultConfigurationName = Release;
		};
/* End XCConfigurationList section */

/* Begin XCRemoteSwiftPackageReference section */
		231030392517486C005EF645 /* XCRemoteSwiftPackageReference "DSFLabelledTextField" */ = {
			isa = XCRemoteSwiftPackageReference;
			repositoryURL = "https://github.com/dagronf/DSFLabelledTextField.git";
			requirement = {
				kind = upToNextMajorVersion;
				minimumVersion = 1.0.1;
			};
		};
		231519B325184E8400D40833 /* XCRemoteSwiftPackageReference "DSFDragSlider" */ = {
			isa = XCRemoteSwiftPackageReference;
			repositoryURL = "https://github.com/dagronf/DSFDragSlider.git";
			requirement = {
				kind = upToNextMajorVersion;
				minimumVersion = 0.9.4;
			};
		};
/* End XCRemoteSwiftPackageReference section */

/* Begin XCSwiftPackageProductDependency section */
		2310303A2517486C005EF645 /* DSFLabelledTextField */ = {
			isa = XCSwiftPackageProductDependency;
			package = 231030392517486C005EF645 /* XCRemoteSwiftPackageReference "DSFLabelledTextField" */;
			productName = DSFLabelledTextField;
		};
		231519B425184E8400D40833 /* DSFDragSlider */ = {
			isa = XCSwiftPackageProductDependency;
			package = 231519B325184E8400D40833 /* XCRemoteSwiftPackageReference "DSFDragSlider" */;
			productName = DSFDragSlider;
		};
		2331A7AB25184F5A0053FBF0 /* DSFLabelledTextField */ = {
			isa = XCSwiftPackageProductDependency;
			package = 231030392517486C005EF645 /* XCRemoteSwiftPackageReference "DSFLabelledTextField" */;
			productName = DSFLabelledTextField;
		};
		23B7711128B603BD00389426 /* DSFDragSlider */ = {
			isa = XCSwiftPackageProductDependency;
			package = 231519B325184E8400D40833 /* XCRemoteSwiftPackageReference "DSFDragSlider" */;
			productName = DSFDragSlider;
		};
		23F1167B28B5FF22005A4126 /* DSFDragSlider */ = {
			isa = XCSwiftPackageProductDependency;
			productName = DSFDragSlider;
		};
/* End XCSwiftPackageProductDependency section */
	};
	rootObject = 2383E1D3251713200006803E /* Project object */;
}
